
Microsoft Visual Studio Solution File, Format Version 12.00
# Visual Studio Version 17
VisualStudioVersion = 17.3.32819.101
MinimumVisualStudioVersion = 10.0.40219.1
Project("{9A19103F-16F7-4668-BE54-9A1E7A4F7556}") = "ClientApp", "ClientApp\ClientApp.csproj", "{1DCEE8BA-0E0D-4AAE-944B-095DFF585F24}"
EndProject
Project("{9A19103F-16F7-4668-BE54-9A1E7A4F7556}") = "ServerApp", "ServerApp\ServerApp.csproj", "{B55D1280-6F41-4920-BCCA-0F30173C36BA}"
EndProject
Global
	GlobalSection(SolutionConfigurationPlatforms) = preSolution
		Debug|Any CPU = Debug|Any CPU
		Release|Any CPU = Release|Any CPU
	EndGlobalSection
	GlobalSection(ProjectConfigurationPlatforms) = postSolution
		{1DCEE8BA-0E0D-4AAE-944B-095DFF585F24}.Debug|Any CPU.ActiveCfg = Debug|Any CPU
		{1DCEE8BA-0E0D-4AAE-944B-095DFF585F24}.Debug|Any CPU.Build.0 = Debug|Any CPU
		{1DCEE8BA-0E0D-4AAE-944B-095DFF585F24}.Release|Any CPU.ActiveCfg = Release|Any CPU
		{1DCEE8BA-0E0D-4AAE-944B-095DFF585F24}.Release|Any CPU.Build.0 = Release|Any CPU
		{B55D1280-6F41-4920-BCCA-0F30173C36BA}.Debug|Any CPU.ActiveCfg = Debug|Any CPU
		{B55D1280-6F41-4920-BCCA-0F30173C36BA}.Debug|Any CPU.Build.0 = Debug|Any CPU
		{B55D1280-6F41-4920-BCCA-0F30173C36BA}.Release|Any CPU.ActiveCfg = Release|Any CPU
		{B55D1280-6F41-4920-BCCA-0F30173C36BA}.Release|Any CPU.Build.0 = Release|Any CPU
	EndGlobalSection
	GlobalSection(SolutionProperties) = preSolution
		HideSolutionNode = FALSE
	EndGlobalSection
	GlobalSection(ExtensibilityGlobals) = postSolution
		SolutionGuid = {7228483D-9A0E-4F32-B913-646802B8DD7B}
	EndGlobalSection
EndGlobal
